
Microsoft Visual Studio Solution File, Format Version 12.00
# Visual Studio Version 16
VisualStudioVersion = 16.0.29230.47
MinimumVisualStudioVersion = 10.0.40219.1
Project("{FAE04EC0-301F-11D3-BF4B-00C04F79EFBC}") = "UppgiftsProjekt1309", "UppgiftsProjekt1309\UppgiftsProjekt1309.csproj", "{D126A5C8-5CE7-4571-8C5C-F348262FFC87}"
EndProject
Global
	GlobalSection(SolutionConfigurationPlatforms) = preSolution
		Debug|Any CPU = Debug|Any CPU
		Release|Any CPU = Release|Any CPU
	EndGlobalSection
	GlobalSection(ProjectConfigurationPlatforms) = postSolution
		{D126A5C8-5CE7-4571-8C5C-F348262FFC87}.Debug|Any CPU.ActiveCfg = Debug|Any CPU
		{D126A5C8-5CE7-4571-8C5C-F348262FFC87}.Debug|Any CPU.Build.0 = Debug|Any CPU
		{D126A5C8-5CE7-4571-8C5C-F348262FFC87}.Release|Any CPU.ActiveCfg = Release|Any CPU
		{D126A5C8-5CE7-4571-8C5C-F348262FFC87}.Release|Any CPU.Build.0 = Release|Any CPU
	EndGlobalSection
	GlobalSection(SolutionProperties) = preSolution
		HideSolutionNode = FALSE
	EndGlobalSection
	GlobalSection(ExtensibilityGlobals) = postSolution
		SolutionGuid = {5EAA70D9-25B3-4448-B999-3FC9FC3B13C7}
	EndGlobalSection
EndGlobal
