
Microsoft Visual Studio Solution File, Format Version 12.00
# Visual Studio Version 16
VisualStudioVersion = 16.0.29230.47
MinimumVisualStudioVersion = 10.0.40219.1
Project("{FAE04EC0-301F-11D3-BF4B-00C04F79EFBC}") = "Uppgift1", "UppgiftsProjekt1309\Uppgift1.csproj", "{D126A5C8-5CE7-4571-8C5C-F348262FFC87}"
EndProject
Project("{FAE04EC0-301F-11D3-BF4B-00C04F79EFBC}") = "Uppgift2", "Uppgift2\Uppgift2.csproj", "{470B2688-9807-4988-914F-1BA700341CBD}"
EndProject
Project("{FAE04EC0-301F-11D3-BF4B-00C04F79EFBC}") = "Uppgift3", "Uppgift3\Uppgift3.csproj", "{947CB0CD-9433-45C0-BEB9-A38CBEE093F2}"
EndProject
Project("{FAE04EC0-301F-11D3-BF4B-00C04F79EFBC}") = "Uppgift4", "Uppgift4\Uppgift4.csproj", "{1B11FE02-E6E5-4193-BE03-5DA4D816323E}"
EndProject
Project("{FAE04EC0-301F-11D3-BF4B-00C04F79EFBC}") = "Uppgift5", "Uppgift5\Uppgift5.csproj", "{D1BD9E5E-D6D9-4542-9E25-53DAC57C3788}"
EndProject
Global
	GlobalSection(SolutionConfigurationPlatforms) = preSolution
		Debug|Any CPU = Debug|Any CPU
		Release|Any CPU = Release|Any CPU
	EndGlobalSection
	GlobalSection(ProjectConfigurationPlatforms) = postSolution
		{D126A5C8-5CE7-4571-8C5C-F348262FFC87}.Debug|Any CPU.ActiveCfg = Debug|Any CPU
		{D126A5C8-5CE7-4571-8C5C-F348262FFC87}.Debug|Any CPU.Build.0 = Debug|Any CPU
		{D126A5C8-5CE7-4571-8C5C-F348262FFC87}.Release|Any CPU.ActiveCfg = Release|Any CPU
		{D126A5C8-5CE7-4571-8C5C-F348262FFC87}.Release|Any CPU.Build.0 = Release|Any CPU
		{470B2688-9807-4988-914F-1BA700341CBD}.Debug|Any CPU.ActiveCfg = Debug|Any CPU
		{470B2688-9807-4988-914F-1BA700341CBD}.Debug|Any CPU.Build.0 = Debug|Any CPU
		{470B2688-9807-4988-914F-1BA700341CBD}.Release|Any CPU.ActiveCfg = Release|Any CPU
		{470B2688-9807-4988-914F-1BA700341CBD}.Release|Any CPU.Build.0 = Release|Any CPU
		{947CB0CD-9433-45C0-BEB9-A38CBEE093F2}.Debug|Any CPU.ActiveCfg = Debug|Any CPU
		{947CB0CD-9433-45C0-BEB9-A38CBEE093F2}.Debug|Any CPU.Build.0 = Debug|Any CPU
		{947CB0CD-9433-45C0-BEB9-A38CBEE093F2}.Release|Any CPU.ActiveCfg = Release|Any CPU
		{947CB0CD-9433-45C0-BEB9-A38CBEE093F2}.Release|Any CPU.Build.0 = Release|Any CPU
		{1B11FE02-E6E5-4193-BE03-5DA4D816323E}.Debug|Any CPU.ActiveCfg = Debug|Any CPU
		{1B11FE02-E6E5-4193-BE03-5DA4D816323E}.Debug|Any CPU.Build.0 = Debug|Any CPU
		{1B11FE02-E6E5-4193-BE03-5DA4D816323E}.Release|Any CPU.ActiveCfg = Release|Any CPU
		{1B11FE02-E6E5-4193-BE03-5DA4D816323E}.Release|Any CPU.Build.0 = Release|Any CPU
		{D1BD9E5E-D6D9-4542-9E25-53DAC57C3788}.Debug|Any CPU.ActiveCfg = Debug|Any CPU
		{D1BD9E5E-D6D9-4542-9E25-53DAC57C3788}.Debug|Any CPU.Build.0 = Debug|Any CPU
		{D1BD9E5E-D6D9-4542-9E25-53DAC57C3788}.Release|Any CPU.ActiveCfg = Release|Any CPU
		{D1BD9E5E-D6D9-4542-9E25-53DAC57C3788}.Release|Any CPU.Build.0 = Release|Any CPU
	EndGlobalSection
	GlobalSection(SolutionProperties) = preSolution
		HideSolutionNode = FALSE
	EndGlobalSection
	GlobalSection(ExtensibilityGlobals) = postSolution
		SolutionGuid = {5EAA70D9-25B3-4448-B999-3FC9FC3B13C7}
	EndGlobalSection
EndGlobal
